// !$*UTF8*$!
{
	archiveVersion = 1;
	classes = {
	};
	objectVersion = 56;
	objects = {

/* Begin PBXBuildFile section */
		B2BF269D2A0B06A3007363AE /* AppDevIOSAssignment3App.swift in Sources */ = {isa = PBXBuildFile; fileRef = B2BF269C2A0B06A3007363AE /* AppDevIOSAssignment3App.swift */; };
		B2BF269F2A0B06A3007363AE /* DailyTasksView.swift in Sources */ = {isa = PBXBuildFile; fileRef = B2BF269E2A0B06A3007363AE /* DailyTasksView.swift */; };
		B2BF26A12A0B06A5007363AE /* Assets.xcassets in Resources */ = {isa = PBXBuildFile; fileRef = B2BF26A02A0B06A5007363AE /* Assets.xcassets */; };
		B2BF26A42A0B06A5007363AE /* Preview Assets.xcassets in Resources */ = {isa = PBXBuildFile; fileRef = B2BF26A32A0B06A5007363AE /* Preview Assets.xcassets */; };
		B2BF26AB2A0CB711007363AE /* CreateNewTaskView.swift in Sources */ = {isa = PBXBuildFile; fileRef = B2BF26AA2A0CB711007363AE /* CreateNewTaskView.swift */; };
		B2BF26AD2A0CB75C007363AE /* CalendarView.swift in Sources */ = {isa = PBXBuildFile; fileRef = B2BF26AC2A0CB75C007363AE /* CalendarView.swift */; };
		B2BF26AF2A0CBBFC007363AE /* Task.swift in Sources */ = {isa = PBXBuildFile; fileRef = B2BF26AE2A0CBBFB007363AE /* Task.swift */; };
		B2BF26B12A0CBC11007363AE /* TaskListDatabase.swift in Sources */ = {isa = PBXBuildFile; fileRef = B2BF26B02A0CBC11007363AE /* TaskListDatabase.swift */; };
		B2BF26B32A0CBF33007363AE /* TaskView.swift in Sources */ = {isa = PBXBuildFile; fileRef = B2BF26B22A0CBF33007363AE /* TaskView.swift */; };
		B2BF26B52A0CE590007363AE /* TaskList.swift in Sources */ = {isa = PBXBuildFile; fileRef = B2BF26B42A0CE58F007363AE /* TaskList.swift */; };
/* End PBXBuildFile section */

/* Begin PBXFileReference section */
		B2BF26992A0B06A3007363AE /* AppDevIOSAssignment3.app */ = {isa = PBXFileReference; explicitFileType = wrapper.application; includeInIndex = 0; path = AppDevIOSAssignment3.app; sourceTree = BUILT_PRODUCTS_DIR; };
		B2BF269C2A0B06A3007363AE /* AppDevIOSAssignment3App.swift */ = {isa = PBXFileReference; lastKnownFileType = sourcecode.swift; path = AppDevIOSAssignment3App.swift; sourceTree = "<group>"; };
		B2BF269E2A0B06A3007363AE /* DailyTasksView.swift */ = {isa = PBXFileReference; lastKnownFileType = sourcecode.swift; path = DailyTasksView.swift; sourceTree = "<group>"; };
		B2BF26A02A0B06A5007363AE /* Assets.xcassets */ = {isa = PBXFileReference; lastKnownFileType = folder.assetcatalog; path = Assets.xcassets; sourceTree = "<group>"; };
		B2BF26A32A0B06A5007363AE /* Preview Assets.xcassets */ = {isa = PBXFileReference; lastKnownFileType = folder.assetcatalog; path = "Preview Assets.xcassets"; sourceTree = "<group>"; };
		B2BF26AA2A0CB711007363AE /* CreateNewTaskView.swift */ = {isa = PBXFileReference; lastKnownFileType = sourcecode.swift; path = CreateNewTaskView.swift; sourceTree = "<group>"; };
		B2BF26AC2A0CB75C007363AE /* CalendarView.swift */ = {isa = PBXFileReference; lastKnownFileType = sourcecode.swift; path = CalendarView.swift; sourceTree = "<group>"; };
		B2BF26AE2A0CBBFB007363AE /* Task.swift */ = {isa = PBXFileReference; lastKnownFileType = sourcecode.swift; path = Task.swift; sourceTree = "<group>"; };
		B2BF26B02A0CBC11007363AE /* TaskListDatabase.swift */ = {isa = PBXFileReference; lastKnownFileType = sourcecode.swift; path = TaskListDatabase.swift; sourceTree = "<group>"; };
		B2BF26B22A0CBF33007363AE /* TaskView.swift */ = {isa = PBXFileReference; lastKnownFileType = sourcecode.swift; path = TaskView.swift; sourceTree = "<group>"; };
		B2BF26B42A0CE58F007363AE /* TaskList.swift */ = {isa = PBXFileReference; lastKnownFileType = sourcecode.swift; path = TaskList.swift; sourceTree = "<group>"; };
/* End PBXFileReference section */

/* Begin PBXFrameworksBuildPhase section */
		B2BF26962A0B06A3007363AE /* Frameworks */ = {
			isa = PBXFrameworksBuildPhase;
			buildActionMask = 2147483647;
			files = (
			);
			runOnlyForDeploymentPostprocessing = 0;
		};
/* End PBXFrameworksBuildPhase section */

/* Begin PBXGroup section */
		B2BF26902A0B06A3007363AE = {
			isa = PBXGroup;
			children = (
				B2BF269B2A0B06A3007363AE /* AppDevIOSAssignment3 */,
				B2BF269A2A0B06A3007363AE /* Products */,
			);
			sourceTree = "<group>";
		};
		B2BF269A2A0B06A3007363AE /* Products */ = {
			isa = PBXGroup;
			children = (
				B2BF26992A0B06A3007363AE /* AppDevIOSAssignment3.app */,
			);
			name = Products;
			sourceTree = "<group>";
		};
		B2BF269B2A0B06A3007363AE /* AppDevIOSAssignment3 */ = {
			isa = PBXGroup;
			children = (
				B2BF269C2A0B06A3007363AE /* AppDevIOSAssignment3App.swift */,
				B2BF269E2A0B06A3007363AE /* DailyTasksView.swift */,
				B2BF26B22A0CBF33007363AE /* TaskView.swift */,
				B2BF26B42A0CE58F007363AE /* TaskList.swift */,
				B2BF26AA2A0CB711007363AE /* CreateNewTaskView.swift */,
				B2BF26AE2A0CBBFB007363AE /* Task.swift */,
				B2BF26AC2A0CB75C007363AE /* CalendarView.swift */,
				B2BF26B02A0CBC11007363AE /* TaskListDatabase.swift */,
				B2BF26A02A0B06A5007363AE /* Assets.xcassets */,
				B2BF26A22A0B06A5007363AE /* Preview Content */,
			);
			path = AppDevIOSAssignment3;
			sourceTree = "<group>";
		};
		B2BF26A22A0B06A5007363AE /* Preview Content */ = {
			isa = PBXGroup;
			children = (
				B2BF26A32A0B06A5007363AE /* Preview Assets.xcassets */,
			);
			path = "Preview Content";
			sourceTree = "<group>";
		};
/* End PBXGroup section */

/* Begin PBXNativeTarget section */
		B2BF26982A0B06A3007363AE /* AppDevIOSAssignment3 */ = {
			isa = PBXNativeTarget;
			buildConfigurationList = B2BF26A72A0B06A5007363AE /* Build configuration list for PBXNativeTarget "AppDevIOSAssignment3" */;
			buildPhases = (
				B2BF26952A0B06A3007363AE /* Sources */,
				B2BF26962A0B06A3007363AE /* Frameworks */,
				B2BF26972A0B06A3007363AE /* Resources */,
			);
			buildRules = (
			);
			dependencies = (
			);
			name = AppDevIOSAssignment3;
			productName = AppDevIOSAssignment3;
			productReference = B2BF26992A0B06A3007363AE /* AppDevIOSAssignment3.app */;
			productType = "com.apple.product-type.application";
		};
/* End PBXNativeTarget section */

/* Begin PBXProject section */
		B2BF26912A0B06A3007363AE /* Project object */ = {
			isa = PBXProject;
			attributes = {
				BuildIndependentTargetsInParallel = 1;
				LastSwiftUpdateCheck = 1430;
				LastUpgradeCheck = 1430;
				TargetAttributes = {
					B2BF26982A0B06A3007363AE = {
						CreatedOnToolsVersion = 14.3;
					};
				};
			};
			buildConfigurationList = B2BF26942A0B06A3007363AE /* Build configuration list for PBXProject "AppDevIOSAssignment3" */;
			compatibilityVersion = "Xcode 14.0";
			developmentRegion = en;
			hasScannedForEncodings = 0;
			knownRegions = (
				en,
				Base,
			);
			mainGroup = B2BF26902A0B06A3007363AE;
			productRefGroup = B2BF269A2A0B06A3007363AE /* Products */;
			projectDirPath = "";
			projectRoot = "";
			targets = (
				B2BF26982A0B06A3007363AE /* AppDevIOSAssignment3 */,
			);
		};
/* End PBXProject section */

/* Begin PBXResourcesBuildPhase section */
		B2BF26972A0B06A3007363AE /* Resources */ = {
			isa = PBXResourcesBuildPhase;
			buildActionMask = 2147483647;
			files = (
				B2BF26A42A0B06A5007363AE /* Preview Assets.xcassets in Resources */,
				B2BF26A12A0B06A5007363AE /* Assets.xcassets in Resources */,
			);
			runOnlyForDeploymentPostprocessing = 0;
		};
/* End PBXResourcesBuildPhase section */

/* Begin PBXSourcesBuildPhase section */
		B2BF26952A0B06A3007363AE /* Sources */ = {
			isa = PBXSourcesBuildPhase;
			buildActionMask = 2147483647;
			files = (
				B2BF26B52A0CE590007363AE /* TaskList.swift in Sources */,
				B2BF269F2A0B06A3007363AE /* DailyTasksView.swift in Sources */,
				B2BF26B32A0CBF33007363AE /* TaskView.swift in Sources */,
				B2BF26B12A0CBC11007363AE /* TaskListDatabase.swift in Sources */,
				B2BF269D2A0B06A3007363AE /* AppDevIOSAssignment3App.swift in Sources */,
				B2BF26AF2A0CBBFC007363AE /* Task.swift in Sources */,
				B2BF26AD2A0CB75C007363AE /* CalendarView.swift in Sources */,
				B2BF26AB2A0CB711007363AE /* CreateNewTaskView.swift in Sources */,
			);
			runOnlyForDeploymentPostprocessing = 0;
		};
/* End PBXSourcesBuildPhase section */

/* Begin XCBuildConfiguration section */
		B2BF26A52A0B06A5007363AE /* Debug */ = {
			isa = XCBuildConfiguration;
			buildSettings = {
				ALWAYS_SEARCH_USER_PATHS = NO;
				CLANG_ANALYZER_NONNULL = YES;
				CLANG_ANALYZER_NUMBER_OBJECT_CONVERSION = YES_AGGRESSIVE;
				CLANG_CXX_LANGUAGE_STANDARD = "gnu++20";
				CLANG_ENABLE_MODULES = YES;
				CLANG_ENABLE_OBJC_ARC = YES;
				CLANG_ENABLE_OBJC_WEAK = YES;
				CLANG_WARN_BLOCK_CAPTURE_AUTORELEASING = YES;
				CLANG_WARN_BOOL_CONVERSION = YES;
				CLANG_WARN_COMMA = YES;
				CLANG_WARN_CONSTANT_CONVERSION = YES;
				CLANG_WARN_DEPRECATED_OBJC_IMPLEMENTATIONS = YES;
				CLANG_WARN_DIRECT_OBJC_ISA_USAGE = YES_ERROR;
				CLANG_WARN_DOCUMENTATION_COMMENTS = YES;
				CLANG_WARN_EMPTY_BODY = YES;
				CLANG_WARN_ENUM_CONVERSION = YES;
				CLANG_WARN_INFINITE_RECURSION = YES;
				CLANG_WARN_INT_CONVERSION = YES;
				CLANG_WARN_NON_LITERAL_NULL_CONVERSION = YES;
				CLANG_WARN_OBJC_IMPLICIT_RETAIN_SELF = YES;
				CLANG_WARN_OBJC_LITERAL_CONVERSION = YES;
				CLANG_WARN_OBJC_ROOT_CLASS = YES_ERROR;
				CLANG_WARN_QUOTED_INCLUDE_IN_FRAMEWORK_HEADER = YES;
				CLANG_WARN_RANGE_LOOP_ANALYSIS = YES;
				CLANG_WARN_STRICT_PROTOTYPES = YES;
				CLANG_WARN_SUSPICIOUS_MOVE = YES;
				CLANG_WARN_UNGUARDED_AVAILABILITY = YES_AGGRESSIVE;
				CLANG_WARN_UNREACHABLE_CODE = YES;
				CLANG_WARN__DUPLICATE_METHOD_MATCH = YES;
				COPY_PHASE_STRIP = NO;
				DEBUG_INFORMATION_FORMAT = dwarf;
				ENABLE_STRICT_OBJC_MSGSEND = YES;
				ENABLE_TESTABILITY = YES;
				GCC_C_LANGUAGE_STANDARD = gnu11;
				GCC_DYNAMIC_NO_PIC = NO;
				GCC_NO_COMMON_BLOCKS = YES;
				GCC_OPTIMIZATION_LEVEL = 0;
				GCC_PREPROCESSOR_DEFINITIONS = (
					"DEBUG=1",
					"$(inherited)",
				);
				GCC_WARN_64_TO_32_BIT_CONVERSION = YES;
				GCC_WARN_ABOUT_RETURN_TYPE = YES_ERROR;
				GCC_WARN_UNDECLARED_SELECTOR = YES;
				GCC_WARN_UNINITIALIZED_AUTOS = YES_AGGRESSIVE;
				GCC_WARN_UNUSED_FUNCTION = YES;
				GCC_WARN_UNUSED_VARIABLE = YES;
				IPHONEOS_DEPLOYMENT_TARGET = 16.4;
				MTL_ENABLE_DEBUG_INFO = INCLUDE_SOURCE;
				MTL_FAST_MATH = YES;
				ONLY_ACTIVE_ARCH = YES;
				SDKROOT = iphoneos;
				SWIFT_ACTIVE_COMPILATION_CONDITIONS = DEBUG;
				SWIFT_OPTIMIZATION_LEVEL = "-Onone";
			};
			name = Debug;
		};
		B2BF26A62A0B06A5007363AE /* Release */ = {
			isa = XCBuildConfiguration;
			buildSettings = {
				ALWAYS_SEARCH_USER_PATHS = NO;
				CLANG_ANALYZER_NONNULL = YES;
				CLANG_ANALYZER_NUMBER_OBJECT_CONVERSION = YES_AGGRESSIVE;
				CLANG_CXX_LANGUAGE_STANDARD = "gnu++20";
				CLANG_ENABLE_MODULES = YES;
				CLANG_ENABLE_OBJC_ARC = YES;
				CLANG_ENABLE_OBJC_WEAK = YES;
				CLANG_WARN_BLOCK_CAPTURE_AUTORELEASING = YES;
				CLANG_WARN_BOOL_CONVERSION = YES;
				CLANG_WARN_COMMA = YES;
				CLANG_WARN_CONSTANT_CONVERSION = YES;
				CLANG_WARN_DEPRECATED_OBJC_IMPLEMENTATIONS = YES;
				CLANG_WARN_DIRECT_OBJC_ISA_USAGE = YES_ERROR;
				CLANG_WARN_DOCUMENTATION_COMMENTS = YES;
				CLANG_WARN_EMPTY_BODY = YES;
				CLANG_WARN_ENUM_CONVERSION = YES;
				CLANG_WARN_INFINITE_RECURSION = YES;
				CLANG_WARN_INT_CONVERSION = YES;
				CLANG_WARN_NON_LITERAL_NULL_CONVERSION = YES;
				CLANG_WARN_OBJC_IMPLICIT_RETAIN_SELF = YES;
				CLANG_WARN_OBJC_LITERAL_CONVERSION = YES;
				CLANG_WARN_OBJC_ROOT_CLASS = YES_ERROR;
				CLANG_WARN_QUOTED_INCLUDE_IN_FRAMEWORK_HEADER = YES;
				CLANG_WARN_RANGE_LOOP_ANALYSIS = YES;
				CLANG_WARN_STRICT_PROTOTYPES = YES;
				CLANG_WARN_SUSPICIOUS_MOVE = YES;
				CLANG_WARN_UNGUARDED_AVAILABILITY = YES_AGGRESSIVE;
				CLANG_WARN_UNREACHABLE_CODE = YES;
				CLANG_WARN__DUPLICATE_METHOD_MATCH = YES;
				COPY_PHASE_STRIP = NO;
				DEBUG_INFORMATION_FORMAT = "dwarf-with-dsym";
				ENABLE_NS_ASSERTIONS = NO;
				ENABLE_STRICT_OBJC_MSGSEND = YES;
				GCC_C_LANGUAGE_STANDARD = gnu11;
				GCC_NO_COMMON_BLOCKS = YES;
				GCC_WARN_64_TO_32_BIT_CONVERSION = YES;
				GCC_WARN_ABOUT_RETURN_TYPE = YES_ERROR;
				GCC_WARN_UNDECLARED_SELECTOR = YES;
				GCC_WARN_UNINITIALIZED_AUTOS = YES_AGGRESSIVE;
				GCC_WARN_UNUSED_FUNCTION = YES;
				GCC_WARN_UNUSED_VARIABLE = YES;
				IPHONEOS_DEPLOYMENT_TARGET = 16.4;
				MTL_ENABLE_DEBUG_INFO = NO;
				MTL_FAST_MATH = YES;
				SDKROOT = iphoneos;
				SWIFT_COMPILATION_MODE = wholemodule;
				SWIFT_OPTIMIZATION_LEVEL = "-O";
				VALIDATE_PRODUCT = YES;
			};
			name = Release;
		};
		B2BF26A82A0B06A5007363AE /* Debug */ = {
			isa = XCBuildConfiguration;
			buildSettings = {
				ASSETCATALOG_COMPILER_APPICON_NAME = AppIcon;
				ASSETCATALOG_COMPILER_GLOBAL_ACCENT_COLOR_NAME = AccentColor;
				CODE_SIGN_STYLE = Automatic;
				CURRENT_PROJECT_VERSION = 1;
				DEVELOPMENT_ASSET_PATHS = "\"AppDevIOSAssignment3/Preview Content\"";
				DEVELOPMENT_TEAM = 88RB57ZQ2F;
				ENABLE_PREVIEWS = YES;
				GENERATE_INFOPLIST_FILE = YES;
				INFOPLIST_KEY_UIApplicationSceneManifest_Generation = YES;
				INFOPLIST_KEY_UIApplicationSupportsIndirectInputEvents = YES;
				INFOPLIST_KEY_UILaunchScreen_Generation = YES;
				INFOPLIST_KEY_UISupportedInterfaceOrientations_iPad = "UIInterfaceOrientationPortrait UIInterfaceOrientationPortraitUpsideDown UIInterfaceOrientationLandscapeLeft UIInterfaceOrientationLandscapeRight";
				INFOPLIST_KEY_UISupportedInterfaceOrientations_iPhone = "UIInterfaceOrientationPortrait UIInterfaceOrientationLandscapeLeft UIInterfaceOrientationLandscapeRight";
				LD_RUNPATH_SEARCH_PATHS = (
					"$(inherited)",
					"@executable_path/Frameworks",
				);
				MARKETING_VERSION = 1.0;
				PRODUCT_BUNDLE_IDENTIFIER = au.com.annabel.AppDevIOSAssignment3;
				PRODUCT_NAME = "$(TARGET_NAME)";
				SWIFT_EMIT_LOC_STRINGS = YES;
				SWIFT_VERSION = 5.0;
				TARGETED_DEVICE_FAMILY = "1,2";
			};
			name = Debug;
		};
		B2BF26A92A0B06A5007363AE /* Release */ = {
			isa = XCBuildConfiguration;
			buildSettings = {
				ASSETCATALOG_COMPILER_APPICON_NAME = AppIcon;
				ASSETCATALOG_COMPILER_GLOBAL_ACCENT_COLOR_NAME = AccentColor;
				CODE_SIGN_STYLE = Automatic;
				CURRENT_PROJECT_VERSION = 1;
				DEVELOPMENT_ASSET_PATHS = "\"AppDevIOSAssignment3/Preview Content\"";
				DEVELOPMENT_TEAM = 88RB57ZQ2F;
				ENABLE_PREVIEWS = YES;
				GENERATE_INFOPLIST_FILE = YES;
				INFOPLIST_KEY_UIApplicationSceneManifest_Generation = YES;
				INFOPLIST_KEY_UIApplicationSupportsIndirectInputEvents = YES;
				INFOPLIST_KEY_UILaunchScreen_Generation = YES;
				INFOPLIST_KEY_UISupportedInterfaceOrientations_iPad = "UIInterfaceOrientationPortrait UIInterfaceOrientationPortraitUpsideDown UIInterfaceOrientationLandscapeLeft UIInterfaceOrientationLandscapeRight";
				INFOPLIST_KEY_UISupportedInterfaceOrientations_iPhone = "UIInterfaceOrientationPortrait UIInterfaceOrientationLandscapeLeft UIInterfaceOrientationLandscapeRight";
				LD_RUNPATH_SEARCH_PATHS = (
					"$(inherited)",
					"@executable_path/Frameworks",
				);
				MARKETING_VERSION = 1.0;
				PRODUCT_BUNDLE_IDENTIFIER = au.com.annabel.AppDevIOSAssignment3;
				PRODUCT_NAME = "$(TARGET_NAME)";
				SWIFT_EMIT_LOC_STRINGS = YES;
				SWIFT_VERSION = 5.0;
				TARGETED_DEVICE_FAMILY = "1,2";
			};
			name = Release;
		};
/* End XCBuildConfiguration section */

/* Begin XCConfigurationList section */
		B2BF26942A0B06A3007363AE /* Build configuration list for PBXProject "AppDevIOSAssignment3" */ = {
			isa = XCConfigurationList;
			buildConfigurations = (
				B2BF26A52A0B06A5007363AE /* Debug */,
				B2BF26A62A0B06A5007363AE /* Release */,
			);
			defaultConfigurationIsVisible = 0;
			defaultConfigurationName = Release;
		};
		B2BF26A72A0B06A5007363AE /* Build configuration list for PBXNativeTarget "AppDevIOSAssignment3" */ = {
			isa = XCConfigurationList;
			buildConfigurations = (
				B2BF26A82A0B06A5007363AE /* Debug */,
				B2BF26A92A0B06A5007363AE /* Release */,
			);
			defaultConfigurationIsVisible = 0;
			defaultConfigurationName = Release;
		};
/* End XCConfigurationList section */
	};
	rootObject = B2BF26912A0B06A3007363AE /* Project object */;
}
